
Microsoft Visual Studio Solution File, Format Version 12.00
# Visual Studio Version 17
VisualStudioVersion = 17.6.33723.286
MinimumVisualStudioVersion = 10.0.40219.1
Project("{9A19103F-16F7-4668-BE54-9A1E7A4F7556}") = "TestTasks", "TestTasks\TestTasks.csproj", "{FA3853BE-19BC-43AB-8106-44CA51811A0C}"
EndProject
Global
	GlobalSection(SolutionConfigurationPlatforms) = preSolution
		Debug|Any CPU = Debug|Any CPU
		Release|Any CPU = Release|Any CPU
	EndGlobalSection
	GlobalSection(ProjectConfigurationPlatforms) = postSolution
		{FA3853BE-19BC-43AB-8106-44CA51811A0C}.Debug|Any CPU.ActiveCfg = Debug|Any CPU
		{FA3853BE-19BC-43AB-8106-44CA51811A0C}.Debug|Any CPU.Build.0 = Debug|Any CPU
		{FA3853BE-19BC-43AB-8106-44CA51811A0C}.Release|Any CPU.ActiveCfg = Release|Any CPU
		{FA3853BE-19BC-43AB-8106-44CA51811A0C}.Release|Any CPU.Build.0 = Release|Any CPU
	EndGlobalSection
	GlobalSection(SolutionProperties) = preSolution
		HideSolutionNode = FALSE
	EndGlobalSection
	GlobalSection(ExtensibilityGlobals) = postSolution
		SolutionGuid = {7FFFBA22-020F-4C88-8CBB-AEC22651B878}
	EndGlobalSection
EndGlobal
